// !$*UTF8*$!
{
	archiveVersion = 1;
	classes = {
	};
	objectVersion = 48;
	objects = {

/* Begin PBXBuildFile section */
		ACFAB8B52088838E00437506 /* AppDelegate.m in Sources */ = {isa = PBXBuildFile; fileRef = ACFAB8B42088838E00437506 /* AppDelegate.m */; };
		ACFAB8BB2088838E00437506 /* Main.storyboard in Resources */ = {isa = PBXBuildFile; fileRef = ACFAB8B92088838E00437506 /* Main.storyboard */; };
		ACFAB8BD2088838E00437506 /* Assets.xcassets in Resources */ = {isa = PBXBuildFile; fileRef = ACFAB8BC2088838E00437506 /* Assets.xcassets */; };
		ACFAB8C02088838E00437506 /* LaunchScreen.storyboard in Resources */ = {isa = PBXBuildFile; fileRef = ACFAB8BE2088838E00437506 /* LaunchScreen.storyboard */; };
		ACFAB8C32088838E00437506 /* main.m in Sources */ = {isa = PBXBuildFile; fileRef = ACFAB8C22088838E00437506 /* main.m */; };
		ACFAB8E82088A45800437506 /* RootTableViewCell.m in Sources */ = {isa = PBXBuildFile; fileRef = ACFAB8DF2088A45800437506 /* RootTableViewCell.m */; };
		ACFAB8E92088A45800437506 /* CellViewModel.m in Sources */ = {isa = PBXBuildFile; fileRef = ACFAB8E22088A45800437506 /* CellViewModel.m */; };
		ACFAB8EA2088A45800437506 /* RootViewModel.m in Sources */ = {isa = PBXBuildFile; fileRef = ACFAB8E42088A45800437506 /* RootViewModel.m */; };
		ACFAB8EB2088A45800437506 /* CellModel.m in Sources */ = {isa = PBXBuildFile; fileRef = ACFAB8E72088A45800437506 /* CellModel.m */; };
		ACFAB8EE20898E6000437506 /* RootViewController.m in Sources */ = {isa = PBXBuildFile; fileRef = ACFAB8ED20898E6000437506 /* RootViewController.m */; };
		ACFAB8FA20901C7800437506 /* RootTableViewCell.xib in Resources */ = {isa = PBXBuildFile; fileRef = ACFAB8F920901C7800437506 /* RootTableViewCell.xib */; };
		ACFAB8FD2090500E00437506 /* DateOperator.m in Sources */ = {isa = PBXBuildFile; fileRef = ACFAB8FC2090500E00437506 /* DateOperator.m */; };
		ACFAB9042090640C00437506 /* todos.json in Resources */ = {isa = PBXBuildFile; fileRef = ACFAB9032090640C00437506 /* todos.json */; };
		ACFAB907209076C800437506 /* TodoListService.m in Sources */ = {isa = PBXBuildFile; fileRef = ACFAB906209076C800437506 /* TodoListService.m */; };
		E9F4CE40DF9573271148C80A /* libPods-MVVMTodoList.a in Frameworks */ = {isa = PBXBuildFile; fileRef = 61563589B87047E66616C04A /* libPods-MVVMTodoList.a */; };
/* End PBXBuildFile section */

/* Begin PBXFileReference section */
		61563589B87047E66616C04A /* libPods-MVVMTodoList.a */ = {isa = PBXFileReference; explicitFileType = archive.ar; includeInIndex = 0; path = "libPods-MVVMTodoList.a"; sourceTree = BUILT_PRODUCTS_DIR; };
		628439B5D4E177243E3B748A /* Pods-MVVMTodoList.debug.xcconfig */ = {isa = PBXFileReference; includeInIndex = 1; lastKnownFileType = text.xcconfig; name = "Pods-MVVMTodoList.debug.xcconfig"; path = "Pods/Target Support Files/Pods-MVVMTodoList/Pods-MVVMTodoList.debug.xcconfig"; sourceTree = "<group>"; };
		7A8E9B72F0460DC3B2CD7D7F /* Pods-MVVMTodoList.release.xcconfig */ = {isa = PBXFileReference; includeInIndex = 1; lastKnownFileType = text.xcconfig; name = "Pods-MVVMTodoList.release.xcconfig"; path = "Pods/Target Support Files/Pods-MVVMTodoList/Pods-MVVMTodoList.release.xcconfig"; sourceTree = "<group>"; };
		ACFAB8B02088838E00437506 /* MVVMTodoList.app */ = {isa = PBXFileReference; explicitFileType = wrapper.application; includeInIndex = 0; path = MVVMTodoList.app; sourceTree = BUILT_PRODUCTS_DIR; };
		ACFAB8B32088838E00437506 /* AppDelegate.h */ = {isa = PBXFileReference; lastKnownFileType = sourcecode.c.h; path = AppDelegate.h; sourceTree = "<group>"; };
		ACFAB8B42088838E00437506 /* AppDelegate.m */ = {isa = PBXFileReference; lastKnownFileType = sourcecode.c.objc; path = AppDelegate.m; sourceTree = "<group>"; };
		ACFAB8BA2088838E00437506 /* Base */ = {isa = PBXFileReference; lastKnownFileType = file.storyboard; name = Base; path = Base.lproj/Main.storyboard; sourceTree = "<group>"; };
		ACFAB8BC2088838E00437506 /* Assets.xcassets */ = {isa = PBXFileReference; lastKnownFileType = folder.assetcatalog; path = Assets.xcassets; sourceTree = "<group>"; };
		ACFAB8BF2088838E00437506 /* Base */ = {isa = PBXFileReference; lastKnownFileType = file.storyboard; name = Base; path = Base.lproj/LaunchScreen.storyboard; sourceTree = "<group>"; };
		ACFAB8C12088838E00437506 /* Info.plist */ = {isa = PBXFileReference; lastKnownFileType = text.plist.xml; path = Info.plist; sourceTree = "<group>"; };
		ACFAB8C22088838E00437506 /* main.m */ = {isa = PBXFileReference; lastKnownFileType = sourcecode.c.objc; path = main.m; sourceTree = "<group>"; };
		ACFAB8DE2088A45800437506 /* RootTableViewCell.h */ = {isa = PBXFileReference; fileEncoding = 4; lastKnownFileType = sourcecode.c.h; path = RootTableViewCell.h; sourceTree = "<group>"; };
		ACFAB8DF2088A45800437506 /* RootTableViewCell.m */ = {isa = PBXFileReference; fileEncoding = 4; lastKnownFileType = sourcecode.c.objc; path = RootTableViewCell.m; sourceTree = "<group>"; };
		ACFAB8E12088A45800437506 /* CellViewModel.h */ = {isa = PBXFileReference; fileEncoding = 4; lastKnownFileType = sourcecode.c.h; path = CellViewModel.h; sourceTree = "<group>"; };
		ACFAB8E22088A45800437506 /* CellViewModel.m */ = {isa = PBXFileReference; fileEncoding = 4; lastKnownFileType = sourcecode.c.objc; path = CellViewModel.m; sourceTree = "<group>"; };
		ACFAB8E32088A45800437506 /* RootViewModel.h */ = {isa = PBXFileReference; fileEncoding = 4; lastKnownFileType = sourcecode.c.h; path = RootViewModel.h; sourceTree = "<group>"; };
		ACFAB8E42088A45800437506 /* RootViewModel.m */ = {isa = PBXFileReference; fileEncoding = 4; lastKnownFileType = sourcecode.c.objc; path = RootViewModel.m; sourceTree = "<group>"; };
		ACFAB8E62088A45800437506 /* CellModel.h */ = {isa = PBXFileReference; fileEncoding = 4; lastKnownFileType = sourcecode.c.h; path = CellModel.h; sourceTree = "<group>"; };
		ACFAB8E72088A45800437506 /* CellModel.m */ = {isa = PBXFileReference; fileEncoding = 4; lastKnownFileType = sourcecode.c.objc; path = CellModel.m; sourceTree = "<group>"; };
		ACFAB8EC20898E6000437506 /* RootViewController.h */ = {isa = PBXFileReference; lastKnownFileType = sourcecode.c.h; path = RootViewController.h; sourceTree = "<group>"; };
		ACFAB8ED20898E6000437506 /* RootViewController.m */ = {isa = PBXFileReference; lastKnownFileType = sourcecode.c.objc; path = RootViewController.m; sourceTree = "<group>"; };
		ACFAB8F920901C7800437506 /* RootTableViewCell.xib */ = {isa = PBXFileReference; lastKnownFileType = file.xib; path = RootTableViewCell.xib; sourceTree = "<group>"; };
		ACFAB8FB2090500E00437506 /* DateOperator.h */ = {isa = PBXFileReference; lastKnownFileType = sourcecode.c.h; path = DateOperator.h; sourceTree = "<group>"; };
		ACFAB8FC2090500E00437506 /* DateOperator.m */ = {isa = PBXFileReference; lastKnownFileType = sourcecode.c.objc; path = DateOperator.m; sourceTree = "<group>"; };
		ACFAB9032090640C00437506 /* todos.json */ = {isa = PBXFileReference; fileEncoding = 4; lastKnownFileType = text.json; path = todos.json; sourceTree = "<group>"; };
		ACFAB905209076C800437506 /* TodoListService.h */ = {isa = PBXFileReference; lastKnownFileType = sourcecode.c.h; path = TodoListService.h; sourceTree = "<group>"; };
		ACFAB906209076C800437506 /* TodoListService.m */ = {isa = PBXFileReference; lastKnownFileType = sourcecode.c.objc; path = TodoListService.m; sourceTree = "<group>"; };
/* End PBXFileReference section */

/* Begin PBXFrameworksBuildPhase section */
		ACFAB8AD2088838E00437506 /* Frameworks */ = {
			isa = PBXFrameworksBuildPhase;
			buildActionMask = 2147483647;
			files = (
				E9F4CE40DF9573271148C80A /* libPods-MVVMTodoList.a in Frameworks */,
			);
			runOnlyForDeploymentPostprocessing = 0;
		};
/* End PBXFrameworksBuildPhase section */

/* Begin PBXGroup section */
		2A89F1B5D261DEFCE3DC4C49 /* Pods */ = {
			isa = PBXGroup;
			children = (
				628439B5D4E177243E3B748A /* Pods-MVVMTodoList.debug.xcconfig */,
				7A8E9B72F0460DC3B2CD7D7F /* Pods-MVVMTodoList.release.xcconfig */,
			);
			name = Pods;
			sourceTree = "<group>";
		};
		42C5E7A121AA85D65E06EF30 /* Frameworks */ = {
			isa = PBXGroup;
			children = (
				61563589B87047E66616C04A /* libPods-MVVMTodoList.a */,
			);
			name = Frameworks;
			sourceTree = "<group>";
		};
		ACFAB8A72088838E00437506 = {
			isa = PBXGroup;
			children = (
				ACFAB8B22088838E00437506 /* MVVMTodoList */,
				ACFAB8B12088838E00437506 /* Products */,
				2A89F1B5D261DEFCE3DC4C49 /* Pods */,
				42C5E7A121AA85D65E06EF30 /* Frameworks */,
			);
			sourceTree = "<group>";
		};
		ACFAB8B12088838E00437506 /* Products */ = {
			isa = PBXGroup;
			children = (
				ACFAB8B02088838E00437506 /* MVVMTodoList.app */,
			);
			name = Products;
			sourceTree = "<group>";
		};
		ACFAB8B22088838E00437506 /* MVVMTodoList */ = {
			isa = PBXGroup;
			children = (
				ACFAB9032090640C00437506 /* todos.json */,
				ACFAB8B32088838E00437506 /* AppDelegate.h */,
				ACFAB8B42088838E00437506 /* AppDelegate.m */,
				ACFAB8FB2090500E00437506 /* DateOperator.h */,
				ACFAB8FC2090500E00437506 /* DateOperator.m */,
				ACFAB8E52088A45800437506 /* Models */,
				ACFAB8E02088A45800437506 /* ViewModels */,
				ACFAB8DD2088A45800437506 /* Views */,
				ACFAB8B92088838E00437506 /* Main.storyboard */,
				ACFAB8BC2088838E00437506 /* Assets.xcassets */,
				ACFAB8BE2088838E00437506 /* LaunchScreen.storyboard */,
				ACFAB8C12088838E00437506 /* Info.plist */,
				ACFAB8C22088838E00437506 /* main.m */,
			);
			path = MVVMTodoList;
			sourceTree = "<group>";
		};
		ACFAB8DD2088A45800437506 /* Views */ = {
			isa = PBXGroup;
			children = (
				ACFAB8EC20898E6000437506 /* RootViewController.h */,
				ACFAB8ED20898E6000437506 /* RootViewController.m */,
				ACFAB8DE2088A45800437506 /* RootTableViewCell.h */,
				ACFAB8DF2088A45800437506 /* RootTableViewCell.m */,
				ACFAB8F920901C7800437506 /* RootTableViewCell.xib */,
			);
			path = Views;
			sourceTree = "<group>";
		};
		ACFAB8E02088A45800437506 /* ViewModels */ = {
			isa = PBXGroup;
			children = (
				ACFAB8E12088A45800437506 /* CellViewModel.h */,
				ACFAB8E22088A45800437506 /* CellViewModel.m */,
				ACFAB8E32088A45800437506 /* RootViewModel.h */,
				ACFAB8E42088A45800437506 /* RootViewModel.m */,
			);
			path = ViewModels;
			sourceTree = "<group>";
		};
		ACFAB8E52088A45800437506 /* Models */ = {
			isa = PBXGroup;
			children = (
				ACFAB8E62088A45800437506 /* CellModel.h */,
				ACFAB8E72088A45800437506 /* CellModel.m */,
				ACFAB905209076C800437506 /* TodoListService.h */,
				ACFAB906209076C800437506 /* TodoListService.m */,
			);
			path = Models;
			sourceTree = "<group>";
		};
/* End PBXGroup section */

/* Begin PBXNativeTarget section */
		ACFAB8AF2088838E00437506 /* MVVMTodoList */ = {
			isa = PBXNativeTarget;
			buildConfigurationList = ACFAB8C62088838E00437506 /* Build configuration list for PBXNativeTarget "MVVMTodoList" */;
			buildPhases = (
				07ECC32695D2225DF77FAD8F /* [CP] Check Pods Manifest.lock */,
				ACFAB8AC2088838E00437506 /* Sources */,
				ACFAB8AD2088838E00437506 /* Frameworks */,
				ACFAB8AE2088838E00437506 /* Resources */,
				17401F8B1F4180BEFADA38C0 /* [CP] Embed Pods Frameworks */,
				43F10F818545F886A5B2CE4F /* [CP] Copy Pods Resources */,
			);
			buildRules = (
			);
			dependencies = (
			);
			name = MVVMTodoList;
			productName = MVVMTodoList;
			productReference = ACFAB8B02088838E00437506 /* MVVMTodoList.app */;
			productType = "com.apple.product-type.application";
		};
/* End PBXNativeTarget section */

/* Begin PBXProject section */
		ACFAB8A82088838E00437506 /* Project object */ = {
			isa = PBXProject;
			attributes = {
				LastUpgradeCheck = 0910;
				ORGANIZATIONNAME = Koploop;
				TargetAttributes = {
					ACFAB8AF2088838E00437506 = {
						CreatedOnToolsVersion = 9.1;
						ProvisioningStyle = Automatic;
					};
				};
			};
			buildConfigurationList = ACFAB8AB2088838E00437506 /* Build configuration list for PBXProject "MVVMTodoList" */;
			compatibilityVersion = "Xcode 8.0";
			developmentRegion = en;
			hasScannedForEncodings = 0;
			knownRegions = (
				en,
				Base,
			);
			mainGroup = ACFAB8A72088838E00437506;
			productRefGroup = ACFAB8B12088838E00437506 /* Products */;
			projectDirPath = "";
			projectRoot = "";
			targets = (
				ACFAB8AF2088838E00437506 /* MVVMTodoList */,
			);
		};
/* End PBXProject section */

/* Begin PBXResourcesBuildPhase section */
		ACFAB8AE2088838E00437506 /* Resources */ = {
			isa = PBXResourcesBuildPhase;
			buildActionMask = 2147483647;
			files = (
				ACFAB9042090640C00437506 /* todos.json in Resources */,
				ACFAB8C02088838E00437506 /* LaunchScreen.storyboard in Resources */,
				ACFAB8FA20901C7800437506 /* RootTableViewCell.xib in Resources */,
				ACFAB8BD2088838E00437506 /* Assets.xcassets in Resources */,
				ACFAB8BB2088838E00437506 /* Main.storyboard in Resources */,
			);
			runOnlyForDeploymentPostprocessing = 0;
		};
/* End PBXResourcesBuildPhase section */

/* Begin PBXShellScriptBuildPhase section */
		07ECC32695D2225DF77FAD8F /* [CP] Check Pods Manifest.lock */ = {
			isa = PBXShellScriptBuildPhase;
			buildActionMask = 2147483647;
			files = (
			);
			inputPaths = (
				"${PODS_PODFILE_DIR_PATH}/Podfile.lock",
				"${PODS_ROOT}/Manifest.lock",
			);
			name = "[CP] Check Pods Manifest.lock";
			outputPaths = (
				"$(DERIVED_FILE_DIR)/Pods-MVVMTodoList-checkManifestLockResult.txt",
			);
			runOnlyForDeploymentPostprocessing = 0;
			shellPath = /bin/sh;
			shellScript = "diff \"${PODS_PODFILE_DIR_PATH}/Podfile.lock\" \"${PODS_ROOT}/Manifest.lock\" > /dev/null\nif [ $? != 0 ] ; then\n    # print error to STDERR\n    echo \"error: The sandbox is not in sync with the Podfile.lock. Run 'pod install' or update your CocoaPods installation.\" >&2\n    exit 1\nfi\n# This output is used by Xcode 'outputs' to avoid re-running this script phase.\necho \"SUCCESS\" > \"${SCRIPT_OUTPUT_FILE_0}\"\n";
			showEnvVarsInLog = 0;
		};
		17401F8B1F4180BEFADA38C0 /* [CP] Embed Pods Frameworks */ = {
			isa = PBXShellScriptBuildPhase;
			buildActionMask = 2147483647;
			files = (
			);
			inputPaths = (
			);
			name = "[CP] Embed Pods Frameworks";
			outputPaths = (
			);
			runOnlyForDeploymentPostprocessing = 0;
			shellPath = /bin/sh;
			shellScript = "\"${SRCROOT}/Pods/Target Support Files/Pods-MVVMTodoList/Pods-MVVMTodoList-frameworks.sh\"\n";
			showEnvVarsInLog = 0;
		};
		43F10F818545F886A5B2CE4F /* [CP] Copy Pods Resources */ = {
			isa = PBXShellScriptBuildPhase;
			buildActionMask = 2147483647;
			files = (
			);
			inputPaths = (
				"${SRCROOT}/Pods/Target Support Files/Pods-MVVMTodoList/Pods-MVVMTodoList-resources.sh",
				"${PODS_ROOT}/IQKeyboardManager/IQKeyboardManager/Resources/IQKeyboardManager.bundle",
				"${PODS_ROOT}/SVProgressHUD/SVProgressHUD/SVProgressHUD.bundle",
			);
			name = "[CP] Copy Pods Resources";
			outputPaths = (
				"${TARGET_BUILD_DIR}/${UNLOCALIZED_RESOURCES_FOLDER_PATH}",
			);
			runOnlyForDeploymentPostprocessing = 0;
			shellPath = /bin/sh;
			shellScript = "\"${SRCROOT}/Pods/Target Support Files/Pods-MVVMTodoList/Pods-MVVMTodoList-resources.sh\"\n";
			showEnvVarsInLog = 0;
		};
/* End PBXShellScriptBuildPhase section */

/* Begin PBXSourcesBuildPhase section */
		ACFAB8AC2088838E00437506 /* Sources */ = {
			isa = PBXSourcesBuildPhase;
			buildActionMask = 2147483647;
			files = (
				ACFAB907209076C800437506 /* TodoListService.m in Sources */,
				ACFAB8EA2088A45800437506 /* RootViewModel.m in Sources */,
				ACFAB8EE20898E6000437506 /* RootViewController.m in Sources */,
				ACFAB8EB2088A45800437506 /* CellModel.m in Sources */,
				ACFAB8FD2090500E00437506 /* DateOperator.m in Sources */,
				ACFAB8E82088A45800437506 /* RootTableViewCell.m in Sources */,
				ACFAB8C32088838E00437506 /* main.m in Sources */,
				ACFAB8E92088A45800437506 /* CellViewModel.m in Sources */,
				ACFAB8B52088838E00437506 /* AppDelegate.m in Sources */,
			);
			runOnlyForDeploymentPostprocessing = 0;
		};
/* End PBXSourcesBuildPhase section */

/* Begin PBXVariantGroup section */
		ACFAB8B92088838E00437506 /* Main.storyboard */ = {
			isa = PBXVariantGroup;
			children = (
				ACFAB8BA2088838E00437506 /* Base */,
			);
			name = Main.storyboard;
			sourceTree = "<group>";
		};
		ACFAB8BE2088838E00437506 /* LaunchScreen.storyboard */ = {
			isa = PBXVariantGroup;
			children = (
				ACFAB8BF2088838E00437506 /* Base */,
			);
			name = LaunchScreen.storyboard;
			sourceTree = "<group>";
		};
/* End PBXVariantGroup section */

/* Begin XCBuildConfiguration section */
		ACFAB8C42088838E00437506 /* Debug */ = {
			isa = XCBuildConfiguration;
			buildSettings = {
				ALWAYS_SEARCH_USER_PATHS = NO;
				CLANG_ANALYZER_NONNULL = YES;
				CLANG_ANALYZER_NUMBER_OBJECT_CONVERSION = YES_AGGRESSIVE;
				CLANG_CXX_LANGUAGE_STANDARD = "gnu++14";
				CLANG_CXX_LIBRARY = "libc++";
				CLANG_ENABLE_MODULES = YES;
				CLANG_ENABLE_OBJC_ARC = YES;
				CLANG_WARN_BLOCK_CAPTURE_AUTORELEASING = YES;
				CLANG_WARN_BOOL_CONVERSION = YES;
				CLANG_WARN_COMMA = YES;
				CLANG_WARN_CONSTANT_CONVERSION = YES;
				CLANG_WARN_DIRECT_OBJC_ISA_USAGE = YES_ERROR;
				CLANG_WARN_DOCUMENTATION_COMMENTS = YES;
				CLANG_WARN_EMPTY_BODY = YES;
				CLANG_WARN_ENUM_CONVERSION = YES;
				CLANG_WARN_INFINITE_RECURSION = YES;
				CLANG_WARN_INT_CONVERSION = YES;
				CLANG_WARN_NON_LITERAL_NULL_CONVERSION = YES;
				CLANG_WARN_OBJC_LITERAL_CONVERSION = YES;
				CLANG_WARN_OBJC_ROOT_CLASS = YES_ERROR;
				CLANG_WARN_RANGE_LOOP_ANALYSIS = YES;
				CLANG_WARN_STRICT_PROTOTYPES = YES;
				CLANG_WARN_SUSPICIOUS_MOVE = YES;
				CLANG_WARN_UNGUARDED_AVAILABILITY = YES_AGGRESSIVE;
				CLANG_WARN_UNREACHABLE_CODE = YES;
				CLANG_WARN__DUPLICATE_METHOD_MATCH = YES;
				CODE_SIGN_IDENTITY = "iPhone Developer";
				COPY_PHASE_STRIP = NO;
				DEBUG_INFORMATION_FORMAT = dwarf;
				ENABLE_STRICT_OBJC_MSGSEND = YES;
				ENABLE_TESTABILITY = YES;
				GCC_C_LANGUAGE_STANDARD = gnu11;
				GCC_DYNAMIC_NO_PIC = NO;
				GCC_NO_COMMON_BLOCKS = YES;
				GCC_OPTIMIZATION_LEVEL = 0;
				GCC_PREPROCESSOR_DEFINITIONS = (
					"DEBUG=1",
					"$(inherited)",
				);
				GCC_WARN_64_TO_32_BIT_CONVERSION = YES;
				GCC_WARN_ABOUT_RETURN_TYPE = YES_ERROR;
				GCC_WARN_UNDECLARED_SELECTOR = YES;
				GCC_WARN_UNINITIALIZED_AUTOS = YES_AGGRESSIVE;
				GCC_WARN_UNUSED_FUNCTION = YES;
				GCC_WARN_UNUSED_VARIABLE = YES;
				IPHONEOS_DEPLOYMENT_TARGET = 11.1;
				MTL_ENABLE_DEBUG_INFO = YES;
				ONLY_ACTIVE_ARCH = YES;
				SDKROOT = iphoneos;
			};
			name = Debug;
		};
		ACFAB8C52088838E00437506 /* Release */ = {
			isa = XCBuildConfiguration;
			buildSettings = {
				ALWAYS_SEARCH_USER_PATHS = NO;
				CLANG_ANALYZER_NONNULL = YES;
				CLANG_ANALYZER_NUMBER_OBJECT_CONVERSION = YES_AGGRESSIVE;
				CLANG_CXX_LANGUAGE_STANDARD = "gnu++14";
				CLANG_CXX_LIBRARY = "libc++";
				CLANG_ENABLE_MODULES = YES;
				CLANG_ENABLE_OBJC_ARC = YES;
				CLANG_WARN_BLOCK_CAPTURE_AUTORELEASING = YES;
				CLANG_WARN_BOOL_CONVERSION = YES;
				CLANG_WARN_COMMA = YES;
				CLANG_WARN_CONSTANT_CONVERSION = YES;
				CLANG_WARN_DIRECT_OBJC_ISA_USAGE = YES_ERROR;
				CLANG_WARN_DOCUMENTATION_COMMENTS = YES;
				CLANG_WARN_EMPTY_BODY = YES;
				CLANG_WARN_ENUM_CONVERSION = YES;
				CLANG_WARN_INFINITE_RECURSION = YES;
				CLANG_WARN_INT_CONVERSION = YES;
				CLANG_WARN_NON_LITERAL_NULL_CONVERSION = YES;
				CLANG_WARN_OBJC_LITERAL_CONVERSION = YES;
				CLANG_WARN_OBJC_ROOT_CLASS = YES_ERROR;
				CLANG_WARN_RANGE_LOOP_ANALYSIS = YES;
				CLANG_WARN_STRICT_PROTOTYPES = YES;
				CLANG_WARN_SUSPICIOUS_MOVE = YES;
				CLANG_WARN_UNGUARDED_AVAILABILITY = YES_AGGRESSIVE;
				CLANG_WARN_UNREACHABLE_CODE = YES;
				CLANG_WARN__DUPLICATE_METHOD_MATCH = YES;
				CODE_SIGN_IDENTITY = "iPhone Developer";
				COPY_PHASE_STRIP = NO;
				DEBUG_INFORMATION_FORMAT = "dwarf-with-dsym";
				ENABLE_NS_ASSERTIONS = NO;
				ENABLE_STRICT_OBJC_MSGSEND = YES;
				GCC_C_LANGUAGE_STANDARD = gnu11;
				GCC_NO_COMMON_BLOCKS = YES;
				GCC_WARN_64_TO_32_BIT_CONVERSION = YES;
				GCC_WARN_ABOUT_RETURN_TYPE = YES_ERROR;
				GCC_WARN_UNDECLARED_SELECTOR = YES;
				GCC_WARN_UNINITIALIZED_AUTOS = YES_AGGRESSIVE;
				GCC_WARN_UNUSED_FUNCTION = YES;
				GCC_WARN_UNUSED_VARIABLE = YES;
				IPHONEOS_DEPLOYMENT_TARGET = 11.1;
				MTL_ENABLE_DEBUG_INFO = NO;
				SDKROOT = iphoneos;
				VALIDATE_PRODUCT = YES;
			};
			name = Release;
		};
		ACFAB8C72088838E00437506 /* Debug */ = {
			isa = XCBuildConfiguration;
			baseConfigurationReference = 628439B5D4E177243E3B748A /* Pods-MVVMTodoList.debug.xcconfig */;
			buildSettings = {
				ASSETCATALOG_COMPILER_APPICON_NAME = AppIcon;
				CODE_SIGN_STYLE = Automatic;
				DEVELOPMENT_TEAM = B6F9N4WUT7;
				INFOPLIST_FILE = MVVMTodoList/Info.plist;
				IPHONEOS_DEPLOYMENT_TARGET = 10.0;
				LD_RUNPATH_SEARCH_PATHS = "$(inherited) @executable_path/Frameworks";
				PRODUCT_BUNDLE_IDENTIFIER = com.koploop.MVVMTodoList;
				PRODUCT_NAME = "$(TARGET_NAME)";
				TARGETED_DEVICE_FAMILY = "1,2";
			};
			name = Debug;
		};
		ACFAB8C82088838E00437506 /* Release */ = {
			isa = XCBuildConfiguration;
			baseConfigurationReference = 7A8E9B72F0460DC3B2CD7D7F /* Pods-MVVMTodoList.release.xcconfig */;
			buildSettings = {
				ASSETCATALOG_COMPILER_APPICON_NAME = AppIcon;
				CODE_SIGN_STYLE = Automatic;
				DEVELOPMENT_TEAM = B6F9N4WUT7;
				INFOPLIST_FILE = MVVMTodoList/Info.plist;
				IPHONEOS_DEPLOYMENT_TARGET = 10.0;
				LD_RUNPATH_SEARCH_PATHS = "$(inherited) @executable_path/Frameworks";
				PRODUCT_BUNDLE_IDENTIFIER = com.koploop.MVVMTodoList;
				PRODUCT_NAME = "$(TARGET_NAME)";
				TARGETED_DEVICE_FAMILY = "1,2";
			};
			name = Release;
		};
/* End XCBuildConfiguration section */

/* Begin XCConfigurationList section */
		ACFAB8AB2088838E00437506 /* Build configuration list for PBXProject "MVVMTodoList" */ = {
			isa = XCConfigurationList;
			buildConfigurations = (
				ACFAB8C42088838E00437506 /* Debug */,
				ACFAB8C52088838E00437506 /* Release */,
			);
			defaultConfigurationIsVisible = 0;
			defaultConfigurationName = Release;
		};
		ACFAB8C62088838E00437506 /* Build configuration list for PBXNativeTarget "MVVMTodoList" */ = {
			isa = XCConfigurationList;
			buildConfigurations = (
				ACFAB8C72088838E00437506 /* Debug */,
				ACFAB8C82088838E00437506 /* Release */,
			);
			defaultConfigurationIsVisible = 0;
			defaultConfigurationName = Release;
		};
/* End XCConfigurationList section */
	};
	rootObject = ACFAB8A82088838E00437506 /* Project object */;
}
